
Microsoft Visual Studio Solution File, Format Version 12.00
# Visual Studio Version 17
VisualStudioVersion = 17.3.32929.385
MinimumVisualStudioVersion = 10.0.40219.1
Project("{9A19103F-16F7-4668-BE54-9A1E7A4F7556}") = "DesktopApplication 1", "DesktopApplication 1\DesktopApplication 1.csproj", "{57FF7C52-1E46-498A-A564-8FA48F90FA36}"
EndProject
Global
	GlobalSection(SolutionConfigurationPlatforms) = preSolution
		Debug|Any CPU = Debug|Any CPU
		Release|Any CPU = Release|Any CPU
	EndGlobalSection
	GlobalSection(ProjectConfigurationPlatforms) = postSolution
		{57FF7C52-1E46-498A-A564-8FA48F90FA36}.Debug|Any CPU.ActiveCfg = Debug|Any CPU
		{57FF7C52-1E46-498A-A564-8FA48F90FA36}.Debug|Any CPU.Build.0 = Debug|Any CPU
		{57FF7C52-1E46-498A-A564-8FA48F90FA36}.Release|Any CPU.ActiveCfg = Release|Any CPU
		{57FF7C52-1E46-498A-A564-8FA48F90FA36}.Release|Any CPU.Build.0 = Release|Any CPU
	EndGlobalSection
	GlobalSection(SolutionProperties) = preSolution
		HideSolutionNode = FALSE
	EndGlobalSection
	GlobalSection(ExtensibilityGlobals) = postSolution
		SolutionGuid = {0159A540-F5D2-4531-A6E7-C33CFE219865}
	EndGlobalSection
EndGlobal
